// !$*UTF8*$!
{
	archiveVersion = 1;
	classes = {
	};
	objectVersion = 48;
	objects = {

/* Begin PBXBuildFile section */
		071AF5F92010E036000420CD /* AppDelegate.swift in Sources */ = {isa = PBXBuildFile; fileRef = 071AF5F82010E036000420CD /* AppDelegate.swift */; };
		071AF5FE2010E036000420CD /* Main.storyboard in Resources */ = {isa = PBXBuildFile; fileRef = 071AF5FC2010E036000420CD /* Main.storyboard */; };
		071AF6002010E036000420CD /* Assets.xcassets in Resources */ = {isa = PBXBuildFile; fileRef = 071AF5FF2010E036000420CD /* Assets.xcassets */; };
		071AF6032010E036000420CD /* LaunchScreen.storyboard in Resources */ = {isa = PBXBuildFile; fileRef = 071AF6012010E036000420CD /* LaunchScreen.storyboard */; };
		07260AF220176ABF00BD8986 /* CreateAccountVC.swift in Sources */ = {isa = PBXBuildFile; fileRef = 07260AF120176ABF00BD8986 /* CreateAccountVC.swift */; };
		0738D37A20422EA300988A81 /* Message.swift in Sources */ = {isa = PBXBuildFile; fileRef = 0738D37920422EA300988A81 /* Message.swift */; };
		07567BEA2038A35600B2AC2A /* SocketService.swift in Sources */ = {isa = PBXBuildFile; fileRef = 07567BE92038A35600B2AC2A /* SocketService.swift */; };
		077BAF38201A1D70005ACC4F /* AuthService.swift in Sources */ = {isa = PBXBuildFile; fileRef = 077BAF37201A1D70005ACC4F /* AuthService.swift */; };
		077BAF3A201A5640005ACC4F /* RoundedButton.swift in Sources */ = {isa = PBXBuildFile; fileRef = 077BAF39201A5640005ACC4F /* RoundedButton.swift */; };
		077BAF3C201D76AE005ACC4F /* UserDataService.swift in Sources */ = {isa = PBXBuildFile; fileRef = 077BAF3B201D76AE005ACC4F /* UserDataService.swift */; };
		077BAF3E201DF566005ACC4F /* AvatarPickerVC.swift in Sources */ = {isa = PBXBuildFile; fileRef = 077BAF3D201DF566005ACC4F /* AvatarPickerVC.swift */; };
		077BAF40201DF7D3005ACC4F /* AvatarCell.swift in Sources */ = {isa = PBXBuildFile; fileRef = 077BAF3F201DF7D3005ACC4F /* AvatarCell.swift */; };
		077BAF42201F8BD3005ACC4F /* CircleImage.swift in Sources */ = {isa = PBXBuildFile; fileRef = 077BAF41201F8BD3005ACC4F /* CircleImage.swift */; };
		0781C439202E4CE7008C289A /* MessageService.swift in Sources */ = {isa = PBXBuildFile; fileRef = 0781C438202E4CE7008C289A /* MessageService.swift */; };
		0781C43B202E4D15008C289A /* Channel.swift in Sources */ = {isa = PBXBuildFile; fileRef = 0781C43A202E4D15008C289A /* Channel.swift */; };
		0781C43D202E5A5F008C289A /* ChannelCell.swift in Sources */ = {isa = PBXBuildFile; fileRef = 0781C43C202E5A5F008C289A /* ChannelCell.swift */; };
		0781C4402031CDE6008C289A /* AddChannelVC.swift in Sources */ = {isa = PBXBuildFile; fileRef = 0781C43E2031CDE5008C289A /* AddChannelVC.swift */; };
		0781C4412031CDE6008C289A /* AddChannelVC.xib in Resources */ = {isa = PBXBuildFile; fileRef = 0781C43F2031CDE6008C289A /* AddChannelVC.xib */; };
		0788FB8820121B9000EA5124 /* SWRevealViewController.m in Sources */ = {isa = PBXBuildFile; fileRef = 0788FB8720121B9000EA5124 /* SWRevealViewController.m */; };
		0796D51E204B25F100B17B4F /* KeyboardBoundView.swift in Sources */ = {isa = PBXBuildFile; fileRef = 0796D51D204B25F100B17B4F /* KeyboardBoundView.swift */; };
		0796D520204B294E00B17B4F /* MessageCell.swift in Sources */ = {isa = PBXBuildFile; fileRef = 0796D51F204B294E00B17B4F /* MessageCell.swift */; };
		07C939FE20274DE000DE072D /* ProfileVC.swift in Sources */ = {isa = PBXBuildFile; fileRef = 07C939FC20274DE000DE072D /* ProfileVC.swift */; };
		07C939FF20274DE000DE072D /* ProfileVC.xib in Resources */ = {isa = PBXBuildFile; fileRef = 07C939FD20274DE000DE072D /* ProfileVC.xib */; };
		07DC6CD320137D2700655B38 /* ChatVC.swift in Sources */ = {isa = PBXBuildFile; fileRef = 07DC6CD220137D2700655B38 /* ChatVC.swift */; };
		07DC6CD520137D3400655B38 /* ChannelVC.swift in Sources */ = {isa = PBXBuildFile; fileRef = 07DC6CD420137D3400655B38 /* ChannelVC.swift */; };
		07DC6CD72013EA0200655B38 /* GradientView.swift in Sources */ = {isa = PBXBuildFile; fileRef = 07DC6CD62013EA0200655B38 /* GradientView.swift */; };
		07DC6CDA2013F2EA00655B38 /* Constants.swift in Sources */ = {isa = PBXBuildFile; fileRef = 07DC6CD92013F2EA00655B38 /* Constants.swift */; };
		07DC6CDC2013F85C00655B38 /* LoginVC.swift in Sources */ = {isa = PBXBuildFile; fileRef = 07DC6CDB2013F85C00655B38 /* LoginVC.swift */; };
		13CD4B60FF1C1A688647CE2C /* Pods_Smack.framework in Frameworks */ = {isa = PBXBuildFile; fileRef = 53A0855362C19B046673C0C7 /* Pods_Smack.framework */; };
/* End PBXBuildFile section */

/* Begin PBXFileReference section */
		071AF5F52010E036000420CD /* Smack.app */ = {isa = PBXFileReference; explicitFileType = wrapper.application; includeInIndex = 0; path = Smack.app; sourceTree = BUILT_PRODUCTS_DIR; };
		071AF5F82010E036000420CD /* AppDelegate.swift */ = {isa = PBXFileReference; lastKnownFileType = sourcecode.swift; path = AppDelegate.swift; sourceTree = "<group>"; };
		071AF5FD2010E036000420CD /* Base */ = {isa = PBXFileReference; lastKnownFileType = file.storyboard; name = Base; path = Base.lproj/Main.storyboard; sourceTree = "<group>"; };
		071AF5FF2010E036000420CD /* Assets.xcassets */ = {isa = PBXFileReference; lastKnownFileType = folder.assetcatalog; path = Assets.xcassets; sourceTree = "<group>"; };
		071AF6022010E036000420CD /* Base */ = {isa = PBXFileReference; lastKnownFileType = file.storyboard; name = Base; path = Base.lproj/LaunchScreen.storyboard; sourceTree = "<group>"; };
		071AF6042010E036000420CD /* Info.plist */ = {isa = PBXFileReference; lastKnownFileType = text.plist.xml; path = Info.plist; sourceTree = "<group>"; };
		07260AF120176ABF00BD8986 /* CreateAccountVC.swift */ = {isa = PBXFileReference; lastKnownFileType = sourcecode.swift; path = CreateAccountVC.swift; sourceTree = "<group>"; };
		0738D37920422EA300988A81 /* Message.swift */ = {isa = PBXFileReference; lastKnownFileType = sourcecode.swift; path = Message.swift; sourceTree = "<group>"; };
		07567BE92038A35600B2AC2A /* SocketService.swift */ = {isa = PBXFileReference; lastKnownFileType = sourcecode.swift; path = SocketService.swift; sourceTree = "<group>"; };
		077BAF37201A1D70005ACC4F /* AuthService.swift */ = {isa = PBXFileReference; lastKnownFileType = sourcecode.swift; path = AuthService.swift; sourceTree = "<group>"; };
		077BAF39201A5640005ACC4F /* RoundedButton.swift */ = {isa = PBXFileReference; lastKnownFileType = sourcecode.swift; path = RoundedButton.swift; sourceTree = "<group>"; };
		077BAF3B201D76AE005ACC4F /* UserDataService.swift */ = {isa = PBXFileReference; lastKnownFileType = sourcecode.swift; path = UserDataService.swift; sourceTree = "<group>"; };
		077BAF3D201DF566005ACC4F /* AvatarPickerVC.swift */ = {isa = PBXFileReference; lastKnownFileType = sourcecode.swift; path = AvatarPickerVC.swift; sourceTree = "<group>"; };
		077BAF3F201DF7D3005ACC4F /* AvatarCell.swift */ = {isa = PBXFileReference; lastKnownFileType = sourcecode.swift; path = AvatarCell.swift; sourceTree = "<group>"; };
		077BAF41201F8BD3005ACC4F /* CircleImage.swift */ = {isa = PBXFileReference; lastKnownFileType = sourcecode.swift; path = CircleImage.swift; sourceTree = "<group>"; };
		0781C438202E4CE7008C289A /* MessageService.swift */ = {isa = PBXFileReference; lastKnownFileType = sourcecode.swift; path = MessageService.swift; sourceTree = "<group>"; };
		0781C43A202E4D15008C289A /* Channel.swift */ = {isa = PBXFileReference; lastKnownFileType = sourcecode.swift; path = Channel.swift; sourceTree = "<group>"; };
		0781C43C202E5A5F008C289A /* ChannelCell.swift */ = {isa = PBXFileReference; lastKnownFileType = sourcecode.swift; path = ChannelCell.swift; sourceTree = "<group>"; };
		0781C43E2031CDE5008C289A /* AddChannelVC.swift */ = {isa = PBXFileReference; lastKnownFileType = sourcecode.swift; path = AddChannelVC.swift; sourceTree = "<group>"; };
		0781C43F2031CDE6008C289A /* AddChannelVC.xib */ = {isa = PBXFileReference; lastKnownFileType = file.xib; path = AddChannelVC.xib; sourceTree = "<group>"; };
		0788FB8520121B8F00EA5124 /* Smack-Bridging-Header.h */ = {isa = PBXFileReference; lastKnownFileType = sourcecode.c.h; path = "Smack-Bridging-Header.h"; sourceTree = "<group>"; };
		0788FB8620121B9000EA5124 /* SWRevealViewController.h */ = {isa = PBXFileReference; fileEncoding = 4; lastKnownFileType = sourcecode.c.h; path = SWRevealViewController.h; sourceTree = "<group>"; };
		0788FB8720121B9000EA5124 /* SWRevealViewController.m */ = {isa = PBXFileReference; fileEncoding = 4; lastKnownFileType = sourcecode.c.objc; path = SWRevealViewController.m; sourceTree = "<group>"; };
		0796D51D204B25F100B17B4F /* KeyboardBoundView.swift */ = {isa = PBXFileReference; fileEncoding = 4; lastKnownFileType = sourcecode.swift; path = KeyboardBoundView.swift; sourceTree = "<group>"; };
		0796D51F204B294E00B17B4F /* MessageCell.swift */ = {isa = PBXFileReference; lastKnownFileType = sourcecode.swift; path = MessageCell.swift; sourceTree = "<group>"; };
		07C939FC20274DE000DE072D /* ProfileVC.swift */ = {isa = PBXFileReference; lastKnownFileType = sourcecode.swift; path = ProfileVC.swift; sourceTree = "<group>"; };
		07C939FD20274DE000DE072D /* ProfileVC.xib */ = {isa = PBXFileReference; lastKnownFileType = file.xib; path = ProfileVC.xib; sourceTree = "<group>"; };
		07DC6CD220137D2700655B38 /* ChatVC.swift */ = {isa = PBXFileReference; lastKnownFileType = sourcecode.swift; path = ChatVC.swift; sourceTree = "<group>"; };
		07DC6CD420137D3400655B38 /* ChannelVC.swift */ = {isa = PBXFileReference; lastKnownFileType = sourcecode.swift; path = ChannelVC.swift; sourceTree = "<group>"; };
		07DC6CD62013EA0200655B38 /* GradientView.swift */ = {isa = PBXFileReference; lastKnownFileType = sourcecode.swift; path = GradientView.swift; sourceTree = "<group>"; };
		07DC6CD92013F2EA00655B38 /* Constants.swift */ = {isa = PBXFileReference; lastKnownFileType = sourcecode.swift; path = Constants.swift; sourceTree = "<group>"; };
		07DC6CDB2013F85C00655B38 /* LoginVC.swift */ = {isa = PBXFileReference; lastKnownFileType = sourcecode.swift; path = LoginVC.swift; sourceTree = "<group>"; };
		53A0855362C19B046673C0C7 /* Pods_Smack.framework */ = {isa = PBXFileReference; explicitFileType = wrapper.framework; includeInIndex = 0; path = Pods_Smack.framework; sourceTree = BUILT_PRODUCTS_DIR; };
		8A4060476809F4E186957453 /* Pods-Smack.debug.xcconfig */ = {isa = PBXFileReference; includeInIndex = 1; lastKnownFileType = text.xcconfig; name = "Pods-Smack.debug.xcconfig"; path = "Pods/Target Support Files/Pods-Smack/Pods-Smack.debug.xcconfig"; sourceTree = "<group>"; };
		8BC5B6A433592165446AC992 /* Pods-Smack.release.xcconfig */ = {isa = PBXFileReference; includeInIndex = 1; lastKnownFileType = text.xcconfig; name = "Pods-Smack.release.xcconfig"; path = "Pods/Target Support Files/Pods-Smack/Pods-Smack.release.xcconfig"; sourceTree = "<group>"; };
/* End PBXFileReference section */

/* Begin PBXFrameworksBuildPhase section */
		071AF5F22010E036000420CD /* Frameworks */ = {
			isa = PBXFrameworksBuildPhase;
			buildActionMask = 2147483647;
			files = (
				13CD4B60FF1C1A688647CE2C /* Pods_Smack.framework in Frameworks */,
			);
			runOnlyForDeploymentPostprocessing = 0;
		};
/* End PBXFrameworksBuildPhase section */

/* Begin PBXGroup section */
		05B3BB5C6E751EEA5F8C8BE5 /* Pods */ = {
			isa = PBXGroup;
			children = (
				8A4060476809F4E186957453 /* Pods-Smack.debug.xcconfig */,
				8BC5B6A433592165446AC992 /* Pods-Smack.release.xcconfig */,
			);
			name = Pods;
			sourceTree = "<group>";
		};
		071AF5EC2010E036000420CD = {
			isa = PBXGroup;
			children = (
				071AF5F72010E036000420CD /* Smack */,
				071AF5F62010E036000420CD /* Products */,
				05B3BB5C6E751EEA5F8C8BE5 /* Pods */,
				EF9AC53D4E6555E0258897DD /* Frameworks */,
			);
			sourceTree = "<group>";
		};
		071AF5F62010E036000420CD /* Products */ = {
			isa = PBXGroup;
			children = (
				071AF5F52010E036000420CD /* Smack.app */,
			);
			name = Products;
			sourceTree = "<group>";
		};
		071AF5F72010E036000420CD /* Smack */ = {
			isa = PBXGroup;
			children = (
				07C93A0020274DEA00DE072D /* XIBs */,
				077BAF36201A1D5A005ACC4F /* Services */,
				07DC6CD82013F2D400655B38 /* Utilities */,
				07DC6CD120137D1200655B38 /* Model */,
				07DC6CD020137D0D00655B38 /* View */,
				07DC6CCF20137D0100655B38 /* Controller */,
				0788FB8420121B5F00EA5124 /* Supporting Files */,
				071AF5F82010E036000420CD /* AppDelegate.swift */,
				071AF5FC2010E036000420CD /* Main.storyboard */,
				071AF5FF2010E036000420CD /* Assets.xcassets */,
				071AF6012010E036000420CD /* LaunchScreen.storyboard */,
				071AF6042010E036000420CD /* Info.plist */,
			);
			path = Smack;
			sourceTree = "<group>";
		};
		077BAF36201A1D5A005ACC4F /* Services */ = {
			isa = PBXGroup;
			children = (
				077BAF37201A1D70005ACC4F /* AuthService.swift */,
				077BAF3B201D76AE005ACC4F /* UserDataService.swift */,
				0781C438202E4CE7008C289A /* MessageService.swift */,
				07567BE92038A35600B2AC2A /* SocketService.swift */,
			);
			path = Services;
			sourceTree = "<group>";
		};
		0788FB8420121B5F00EA5124 /* Supporting Files */ = {
			isa = PBXGroup;
			children = (
				0788FB8620121B9000EA5124 /* SWRevealViewController.h */,
				0788FB8720121B9000EA5124 /* SWRevealViewController.m */,
				0788FB8520121B8F00EA5124 /* Smack-Bridging-Header.h */,
			);
			path = "Supporting Files";
			sourceTree = "<group>";
		};
		07C93A0020274DEA00DE072D /* XIBs */ = {
			isa = PBXGroup;
			children = (
				0781C43F2031CDE6008C289A /* AddChannelVC.xib */,
				07C939FD20274DE000DE072D /* ProfileVC.xib */,
			);
			path = XIBs;
			sourceTree = "<group>";
		};
		07DC6CCF20137D0100655B38 /* Controller */ = {
			isa = PBXGroup;
			children = (
				07DC6CD220137D2700655B38 /* ChatVC.swift */,
				07DC6CD420137D3400655B38 /* ChannelVC.swift */,
				07DC6CDB2013F85C00655B38 /* LoginVC.swift */,
				07260AF120176ABF00BD8986 /* CreateAccountVC.swift */,
				077BAF3D201DF566005ACC4F /* AvatarPickerVC.swift */,
				07C939FC20274DE000DE072D /* ProfileVC.swift */,
				0781C43E2031CDE5008C289A /* AddChannelVC.swift */,
			);
			path = Controller;
			sourceTree = "<group>";
		};
		07DC6CD020137D0D00655B38 /* View */ = {
			isa = PBXGroup;
			children = (
				0796D51D204B25F100B17B4F /* KeyboardBoundView.swift */,
				07DC6CD62013EA0200655B38 /* GradientView.swift */,
				077BAF39201A5640005ACC4F /* RoundedButton.swift */,
				077BAF3F201DF7D3005ACC4F /* AvatarCell.swift */,
				077BAF41201F8BD3005ACC4F /* CircleImage.swift */,
				0781C43C202E5A5F008C289A /* ChannelCell.swift */,
				0796D51F204B294E00B17B4F /* MessageCell.swift */,
			);
			path = View;
			sourceTree = "<group>";
		};
		07DC6CD120137D1200655B38 /* Model */ = {
			isa = PBXGroup;
			children = (
				0781C43A202E4D15008C289A /* Channel.swift */,
				0738D37920422EA300988A81 /* Message.swift */,
			);
			path = Model;
			sourceTree = "<group>";
		};
		07DC6CD82013F2D400655B38 /* Utilities */ = {
			isa = PBXGroup;
			children = (
				07DC6CD92013F2EA00655B38 /* Constants.swift */,
			);
			path = Utilities;
			sourceTree = "<group>";
		};
		EF9AC53D4E6555E0258897DD /* Frameworks */ = {
			isa = PBXGroup;
			children = (
				53A0855362C19B046673C0C7 /* Pods_Smack.framework */,
			);
			name = Frameworks;
			sourceTree = "<group>";
		};
/* End PBXGroup section */

/* Begin PBXNativeTarget section */
		071AF5F42010E036000420CD /* Smack */ = {
			isa = PBXNativeTarget;
			buildConfigurationList = 071AF6072010E036000420CD /* Build configuration list for PBXNativeTarget "Smack" */;
			buildPhases = (
				765BEDB9D34CB834DABD13C7 /* [CP] Check Pods Manifest.lock */,
				071AF5F12010E036000420CD /* Sources */,
				071AF5F22010E036000420CD /* Frameworks */,
				071AF5F32010E036000420CD /* Resources */,
				0E7E7F15E98BC65C36C990AB /* [CP] Embed Pods Frameworks */,
				2EEFA0A43091425FA25C6FD6 /* [CP] Copy Pods Resources */,
			);
			buildRules = (
			);
			dependencies = (
			);
			name = Smack;
			productName = Smack;
			productReference = 071AF5F52010E036000420CD /* Smack.app */;
			productType = "com.apple.product-type.application";
		};
/* End PBXNativeTarget section */

/* Begin PBXProject section */
		071AF5ED2010E036000420CD /* Project object */ = {
			isa = PBXProject;
			attributes = {
				LastSwiftUpdateCheck = 0920;
				LastUpgradeCheck = 0920;
				ORGANIZATIONNAME = "Eric Masiello";
				TargetAttributes = {
					071AF5F42010E036000420CD = {
						CreatedOnToolsVersion = 9.2;
						LastSwiftMigration = 0920;
						ProvisioningStyle = Automatic;
					};
				};
			};
			buildConfigurationList = 071AF5F02010E036000420CD /* Build configuration list for PBXProject "Smack" */;
			compatibilityVersion = "Xcode 8.0";
			developmentRegion = en;
			hasScannedForEncodings = 0;
			knownRegions = (
				en,
				Base,
			);
			mainGroup = 071AF5EC2010E036000420CD;
			productRefGroup = 071AF5F62010E036000420CD /* Products */;
			projectDirPath = "";
			projectRoot = "";
			targets = (
				071AF5F42010E036000420CD /* Smack */,
			);
		};
/* End PBXProject section */

/* Begin PBXResourcesBuildPhase section */
		071AF5F32010E036000420CD /* Resources */ = {
			isa = PBXResourcesBuildPhase;
			buildActionMask = 2147483647;
			files = (
				0781C4412031CDE6008C289A /* AddChannelVC.xib in Resources */,
				07C939FF20274DE000DE072D /* ProfileVC.xib in Resources */,
				071AF6032010E036000420CD /* LaunchScreen.storyboard in Resources */,
				071AF6002010E036000420CD /* Assets.xcassets in Resources */,
				071AF5FE2010E036000420CD /* Main.storyboard in Resources */,
			);
			runOnlyForDeploymentPostprocessing = 0;
		};
/* End PBXResourcesBuildPhase section */

/* Begin PBXShellScriptBuildPhase section */
		0E7E7F15E98BC65C36C990AB /* [CP] Embed Pods Frameworks */ = {
			isa = PBXShellScriptBuildPhase;
			buildActionMask = 2147483647;
			files = (
			);
			inputPaths = (
			);
			name = "[CP] Embed Pods Frameworks";
			outputPaths = (
			);
			runOnlyForDeploymentPostprocessing = 0;
			shellPath = /bin/sh;
			shellScript = "\"${SRCROOT}/Pods/Target Support Files/Pods-Smack/Pods-Smack-frameworks.sh\"\n";
			showEnvVarsInLog = 0;
		};
		2EEFA0A43091425FA25C6FD6 /* [CP] Copy Pods Resources */ = {
			isa = PBXShellScriptBuildPhase;
			buildActionMask = 2147483647;
			files = (
			);
			inputPaths = (
			);
			name = "[CP] Copy Pods Resources";
			outputPaths = (
			);
			runOnlyForDeploymentPostprocessing = 0;
			shellPath = /bin/sh;
			shellScript = "\"${SRCROOT}/Pods/Target Support Files/Pods-Smack/Pods-Smack-resources.sh\"\n";
			showEnvVarsInLog = 0;
		};
		765BEDB9D34CB834DABD13C7 /* [CP] Check Pods Manifest.lock */ = {
			isa = PBXShellScriptBuildPhase;
			buildActionMask = 2147483647;
			files = (
			);
			inputPaths = (
			);
			name = "[CP] Check Pods Manifest.lock";
			outputPaths = (
			);
			runOnlyForDeploymentPostprocessing = 0;
			shellPath = /bin/sh;
			shellScript = "diff \"${PODS_ROOT}/../Podfile.lock\" \"${PODS_ROOT}/Manifest.lock\" > /dev/null\nif [ $? != 0 ] ; then\n    # print error to STDERR\n    echo \"error: The sandbox is not in sync with the Podfile.lock. Run 'pod install' or update your CocoaPods installation.\" >&2\n    exit 1\nfi\n";
			showEnvVarsInLog = 0;
		};
/* End PBXShellScriptBuildPhase section */

/* Begin PBXSourcesBuildPhase section */
		071AF5F12010E036000420CD /* Sources */ = {
			isa = PBXSourcesBuildPhase;
			buildActionMask = 2147483647;
			files = (
				0796D51E204B25F100B17B4F /* KeyboardBoundView.swift in Sources */,
				07567BEA2038A35600B2AC2A /* SocketService.swift in Sources */,
				07C939FE20274DE000DE072D /* ProfileVC.swift in Sources */,
				0781C43D202E5A5F008C289A /* ChannelCell.swift in Sources */,
				07DC6CD520137D3400655B38 /* ChannelVC.swift in Sources */,
				077BAF3E201DF566005ACC4F /* AvatarPickerVC.swift in Sources */,
				0796D520204B294E00B17B4F /* MessageCell.swift in Sources */,
				077BAF3A201A5640005ACC4F /* RoundedButton.swift in Sources */,
				0738D37A20422EA300988A81 /* Message.swift in Sources */,
				0781C43B202E4D15008C289A /* Channel.swift in Sources */,
				077BAF42201F8BD3005ACC4F /* CircleImage.swift in Sources */,
				0781C439202E4CE7008C289A /* MessageService.swift in Sources */,
				07DC6CD320137D2700655B38 /* ChatVC.swift in Sources */,
				077BAF3C201D76AE005ACC4F /* UserDataService.swift in Sources */,
				07260AF220176ABF00BD8986 /* CreateAccountVC.swift in Sources */,
				077BAF38201A1D70005ACC4F /* AuthService.swift in Sources */,
				07DC6CDC2013F85C00655B38 /* LoginVC.swift in Sources */,
				0781C4402031CDE6008C289A /* AddChannelVC.swift in Sources */,
				07DC6CD72013EA0200655B38 /* GradientView.swift in Sources */,
				077BAF40201DF7D3005ACC4F /* AvatarCell.swift in Sources */,
				071AF5F92010E036000420CD /* AppDelegate.swift in Sources */,
				0788FB8820121B9000EA5124 /* SWRevealViewController.m in Sources */,
				07DC6CDA2013F2EA00655B38 /* Constants.swift in Sources */,
			);
			runOnlyForDeploymentPostprocessing = 0;
		};
/* End PBXSourcesBuildPhase section */

/* Begin PBXVariantGroup section */
		071AF5FC2010E036000420CD /* Main.storyboard */ = {
			isa = PBXVariantGroup;
			children = (
				071AF5FD2010E036000420CD /* Base */,
			);
			name = Main.storyboard;
			sourceTree = "<group>";
		};
		071AF6012010E036000420CD /* LaunchScreen.storyboard */ = {
			isa = PBXVariantGroup;
			children = (
				071AF6022010E036000420CD /* Base */,
			);
			name = LaunchScreen.storyboard;
			sourceTree = "<group>";
		};
/* End PBXVariantGroup section */

/* Begin XCBuildConfiguration section */
		071AF6052010E036000420CD /* Debug */ = {
			isa = XCBuildConfiguration;
			buildSettings = {
				ALWAYS_SEARCH_USER_PATHS = NO;
				CLANG_ANALYZER_NONNULL = YES;
				CLANG_ANALYZER_NUMBER_OBJECT_CONVERSION = YES_AGGRESSIVE;
				CLANG_CXX_LANGUAGE_STANDARD = "gnu++14";
				CLANG_CXX_LIBRARY = "libc++";
				CLANG_ENABLE_MODULES = YES;
				CLANG_ENABLE_OBJC_ARC = YES;
				CLANG_WARN_BLOCK_CAPTURE_AUTORELEASING = YES;
				CLANG_WARN_BOOL_CONVERSION = YES;
				CLANG_WARN_COMMA = YES;
				CLANG_WARN_CONSTANT_CONVERSION = YES;
				CLANG_WARN_DIRECT_OBJC_ISA_USAGE = YES_ERROR;
				CLANG_WARN_DOCUMENTATION_COMMENTS = YES;
				CLANG_WARN_EMPTY_BODY = YES;
				CLANG_WARN_ENUM_CONVERSION = YES;
				CLANG_WARN_INFINITE_RECURSION = YES;
				CLANG_WARN_INT_CONVERSION = YES;
				CLANG_WARN_NON_LITERAL_NULL_CONVERSION = YES;
				CLANG_WARN_OBJC_LITERAL_CONVERSION = YES;
				CLANG_WARN_OBJC_ROOT_CLASS = YES_ERROR;
				CLANG_WARN_RANGE_LOOP_ANALYSIS = YES;
				CLANG_WARN_STRICT_PROTOTYPES = YES;
				CLANG_WARN_SUSPICIOUS_MOVE = YES;
				CLANG_WARN_UNGUARDED_AVAILABILITY = YES_AGGRESSIVE;
				CLANG_WARN_UNREACHABLE_CODE = YES;
				CLANG_WARN__DUPLICATE_METHOD_MATCH = YES;
				CODE_SIGN_IDENTITY = "iPhone Developer";
				COPY_PHASE_STRIP = NO;
				DEBUG_INFORMATION_FORMAT = dwarf;
				ENABLE_STRICT_OBJC_MSGSEND = YES;
				ENABLE_TESTABILITY = YES;
				GCC_C_LANGUAGE_STANDARD = gnu11;
				GCC_DYNAMIC_NO_PIC = NO;
				GCC_NO_COMMON_BLOCKS = YES;
				GCC_OPTIMIZATION_LEVEL = 0;
				GCC_PREPROCESSOR_DEFINITIONS = (
					"DEBUG=1",
					"$(inherited)",
				);
				GCC_WARN_64_TO_32_BIT_CONVERSION = YES;
				GCC_WARN_ABOUT_RETURN_TYPE = YES_ERROR;
				GCC_WARN_UNDECLARED_SELECTOR = YES;
				GCC_WARN_UNINITIALIZED_AUTOS = YES_AGGRESSIVE;
				GCC_WARN_UNUSED_FUNCTION = YES;
				GCC_WARN_UNUSED_VARIABLE = YES;
				IPHONEOS_DEPLOYMENT_TARGET = 11.2;
				MTL_ENABLE_DEBUG_INFO = YES;
				ONLY_ACTIVE_ARCH = YES;
				SDKROOT = iphoneos;
				SWIFT_ACTIVE_COMPILATION_CONDITIONS = DEBUG;
				SWIFT_OPTIMIZATION_LEVEL = "-Onone";
			};
			name = Debug;
		};
		071AF6062010E036000420CD /* Release */ = {
			isa = XCBuildConfiguration;
			buildSettings = {
				ALWAYS_SEARCH_USER_PATHS = NO;
				CLANG_ANALYZER_NONNULL = YES;
				CLANG_ANALYZER_NUMBER_OBJECT_CONVERSION = YES_AGGRESSIVE;
				CLANG_CXX_LANGUAGE_STANDARD = "gnu++14";
				CLANG_CXX_LIBRARY = "libc++";
				CLANG_ENABLE_MODULES = YES;
				CLANG_ENABLE_OBJC_ARC = YES;
				CLANG_WARN_BLOCK_CAPTURE_AUTORELEASING = YES;
				CLANG_WARN_BOOL_CONVERSION = YES;
				CLANG_WARN_COMMA = YES;
				CLANG_WARN_CONSTANT_CONVERSION = YES;
				CLANG_WARN_DIRECT_OBJC_ISA_USAGE = YES_ERROR;
				CLANG_WARN_DOCUMENTATION_COMMENTS = YES;
				CLANG_WARN_EMPTY_BODY = YES;
				CLANG_WARN_ENUM_CONVERSION = YES;
				CLANG_WARN_INFINITE_RECURSION = YES;
				CLANG_WARN_INT_CONVERSION = YES;
				CLANG_WARN_NON_LITERAL_NULL_CONVERSION = YES;
				CLANG_WARN_OBJC_LITERAL_CONVERSION = YES;
				CLANG_WARN_OBJC_ROOT_CLASS = YES_ERROR;
				CLANG_WARN_RANGE_LOOP_ANALYSIS = YES;
				CLANG_WARN_STRICT_PROTOTYPES = YES;
				CLANG_WARN_SUSPICIOUS_MOVE = YES;
				CLANG_WARN_UNGUARDED_AVAILABILITY = YES_AGGRESSIVE;
				CLANG_WARN_UNREACHABLE_CODE = YES;
				CLANG_WARN__DUPLICATE_METHOD_MATCH = YES;
				CODE_SIGN_IDENTITY = "iPhone Developer";
				COPY_PHASE_STRIP = NO;
				DEBUG_INFORMATION_FORMAT = "dwarf-with-dsym";
				ENABLE_NS_ASSERTIONS = NO;
				ENABLE_STRICT_OBJC_MSGSEND = YES;
				GCC_C_LANGUAGE_STANDARD = gnu11;
				GCC_NO_COMMON_BLOCKS = YES;
				GCC_WARN_64_TO_32_BIT_CONVERSION = YES;
				GCC_WARN_ABOUT_RETURN_TYPE = YES_ERROR;
				GCC_WARN_UNDECLARED_SELECTOR = YES;
				GCC_WARN_UNINITIALIZED_AUTOS = YES_AGGRESSIVE;
				GCC_WARN_UNUSED_FUNCTION = YES;
				GCC_WARN_UNUSED_VARIABLE = YES;
				IPHONEOS_DEPLOYMENT_TARGET = 11.2;
				MTL_ENABLE_DEBUG_INFO = NO;
				SDKROOT = iphoneos;
				SWIFT_OPTIMIZATION_LEVEL = "-Owholemodule";
				VALIDATE_PRODUCT = YES;
			};
			name = Release;
		};
		071AF6082010E036000420CD /* Debug */ = {
			isa = XCBuildConfiguration;
			baseConfigurationReference = 8A4060476809F4E186957453 /* Pods-Smack.debug.xcconfig */;
			buildSettings = {
				ASSETCATALOG_COMPILER_APPICON_NAME = AppIcon;
				CLANG_ENABLE_MODULES = YES;
				CODE_SIGN_STYLE = Automatic;
				DEVELOPMENT_TEAM = R6SSQ5A38J;
				INFOPLIST_FILE = Smack/Info.plist;
				LD_RUNPATH_SEARCH_PATHS = "$(inherited) @executable_path/Frameworks";
				PRODUCT_BUNDLE_IDENTIFIER = com.synbydesign.Smack;
				PRODUCT_NAME = "$(TARGET_NAME)";
				SWIFT_OBJC_BRIDGING_HEADER = "Smack/Supporting Files/Smack-Bridging-Header.h";
				SWIFT_OPTIMIZATION_LEVEL = "-Onone";
				SWIFT_VERSION = 4.0;
				TARGETED_DEVICE_FAMILY = "1,2";
			};
			name = Debug;
		};
		071AF6092010E036000420CD /* Release */ = {
			isa = XCBuildConfiguration;
			baseConfigurationReference = 8BC5B6A433592165446AC992 /* Pods-Smack.release.xcconfig */;
			buildSettings = {
				ASSETCATALOG_COMPILER_APPICON_NAME = AppIcon;
				CLANG_ENABLE_MODULES = YES;
				CODE_SIGN_STYLE = Automatic;
				DEVELOPMENT_TEAM = R6SSQ5A38J;
				INFOPLIST_FILE = Smack/Info.plist;
				LD_RUNPATH_SEARCH_PATHS = "$(inherited) @executable_path/Frameworks";
				PRODUCT_BUNDLE_IDENTIFIER = com.synbydesign.Smack;
				PRODUCT_NAME = "$(TARGET_NAME)";
				SWIFT_OBJC_BRIDGING_HEADER = "Smack/Supporting Files/Smack-Bridging-Header.h";
				SWIFT_VERSION = 4.0;
				TARGETED_DEVICE_FAMILY = "1,2";
			};
			name = Release;
		};
/* End XCBuildConfiguration section */

/* Begin XCConfigurationList section */
		071AF5F02010E036000420CD /* Build configuration list for PBXProject "Smack" */ = {
			isa = XCConfigurationList;
			buildConfigurations = (
				071AF6052010E036000420CD /* Debug */,
				071AF6062010E036000420CD /* Release */,
			);
			defaultConfigurationIsVisible = 0;
			defaultConfigurationName = Release;
		};
		071AF6072010E036000420CD /* Build configuration list for PBXNativeTarget "Smack" */ = {
			isa = XCConfigurationList;
			buildConfigurations = (
				071AF6082010E036000420CD /* Debug */,
				071AF6092010E036000420CD /* Release */,
			);
			defaultConfigurationIsVisible = 0;
			defaultConfigurationName = Release;
		};
/* End XCConfigurationList section */
	};
	rootObject = 071AF5ED2010E036000420CD /* Project object */;
}
